
Microsoft Visual Studio Solution File, Format Version 12.00
# Visual Studio Version 16
VisualStudioVersion = 16.0.30114.105
MinimumVisualStudioVersion = 10.0.40219.1
Project("{FAE04EC0-301F-11D3-BF4B-00C04F79EFBC}") = "USB_CTR", "USB_CTR\USB_CTR.csproj", "{8E6AEB81-7E54-4B30-B132-55341A015F52}"
EndProject
Global
	GlobalSection(SolutionConfigurationPlatforms) = preSolution
		Debug|Any CPU = Debug|Any CPU
		Release|Any CPU = Release|Any CPU
	EndGlobalSection
	GlobalSection(ProjectConfigurationPlatforms) = postSolution
		{8E6AEB81-7E54-4B30-B132-55341A015F52}.Debug|Any CPU.ActiveCfg = Debug|Any CPU
		{8E6AEB81-7E54-4B30-B132-55341A015F52}.Debug|Any CPU.Build.0 = Debug|Any CPU
		{8E6AEB81-7E54-4B30-B132-55341A015F52}.Release|Any CPU.ActiveCfg = Release|Any CPU
		{8E6AEB81-7E54-4B30-B132-55341A015F52}.Release|Any CPU.Build.0 = Release|Any CPU
	EndGlobalSection
	GlobalSection(SolutionProperties) = preSolution
		HideSolutionNode = FALSE
	EndGlobalSection
	GlobalSection(ExtensibilityGlobals) = postSolution
		SolutionGuid = {B4897F2F-14AE-445F-B030-9F51374BE70D}
	EndGlobalSection
EndGlobal
